PODS:
  - HyperioniOS/AttributesInspector (1.1.0):
    - HyperioniOS/Core
  - HyperioniOS/Core (1.1.0)
  - HyperioniOS/Measurements (1.1.0):
    - HyperioniOS/Core
  - HyperioniOS/SlowAnimations (1.1.0):
    - HyperioniOS/Core

DEPENDENCIES:
  - HyperioniOS/AttributesInspector (from `../`)
  - HyperioniOS/Core (from `../`)
  - HyperioniOS/Measurements (from `../`)
  - HyperioniOS/SlowAnimations (from `../`)

EXTERNAL SOURCES:
  HyperioniOS:
    :path: "../"

SPEC CHECKSUMS:
  HyperioniOS: 77aaed8c538eafe6429f659a60c1b7bc642c0aca

PODFILE CHECKSUM: 883b581e264018a62a683939c5416aa9485727c5

COCOAPODS: 1.5.3
